
Microsoft Visual Studio Solution File, Format Version 12.00
# Visual Studio Version 16
VisualStudioVersion = 16.0.30413.136
MinimumVisualStudioVersion = 10.0.40219.1
Project("{F2A71F9B-5D33-465A-A702-920D77279786}") = "ConsoleApp", "ConsoleApp\ConsoleApp.fsproj", "{09AD8F44-C562-46E7-BEEA-F021B937F510}"
EndProject
Global
	GlobalSection(SolutionConfigurationPlatforms) = preSolution
		Debug|Any CPU = Debug|Any CPU
		Release|Any CPU = Release|Any CPU
	EndGlobalSection
	GlobalSection(ProjectConfigurationPlatforms) = postSolution
		{09AD8F44-C562-46E7-BEEA-F021B937F510}.Debug|Any CPU.ActiveCfg = Debug|Any CPU
		{09AD8F44-C562-46E7-BEEA-F021B937F510}.Debug|Any CPU.Build.0 = Debug|Any CPU
		{09AD8F44-C562-46E7-BEEA-F021B937F510}.Release|Any CPU.ActiveCfg = Release|Any CPU
		{09AD8F44-C562-46E7-BEEA-F021B937F510}.Release|Any CPU.Build.0 = Release|Any CPU
	EndGlobalSection
	GlobalSection(SolutionProperties) = preSolution
		HideSolutionNode = FALSE
	EndGlobalSection
	GlobalSection(ExtensibilityGlobals) = postSolution
		SolutionGuid = {19F3F9BB-EC06-42AF-97BF-4055E051222D}
	EndGlobalSection
EndGlobal
